
Microsoft Visual Studio Solution File, Format Version 12.00
# Visual Studio Version 16
VisualStudioVersion = 16.0.30104.148
MinimumVisualStudioVersion = 10.0.40219.1
Project("{FAE04EC0-301F-11D3-BF4B-00C04F79EFBC}") = "RasterConversionProductivity", "RasterConversionProductivity\RasterConversionProductivity.csproj", "{C8CD6B36-5BEF-4583-9F3C-F3BC1DB2A771}"
EndProject
Project("{9A19103F-16F7-4668-BE54-9A1E7A4F7556}") = "GTLib", "GTLib\GTLib.csproj", "{E323BE1D-3E92-48E6-B019-95C0BBFBEEAD}"
EndProject
Project("{2150E333-8FDC-42A3-9474-1A3956D46DE8}") = "Lab1", "Lab1", "{1554AE1A-DDB3-41BF-81B8-45262B1B6A0A}"
EndProject
Project("{2150E333-8FDC-42A3-9474-1A3956D46DE8}") = "Tests", "Tests", "{BDF671C4-02C9-4669-AF41-9065AF7C6BF8}"
EndProject
Project("{9A19103F-16F7-4668-BE54-9A1E7A4F7556}") = "Lab1Dvor", "Lab1Dvor\Lab1Dvor.csproj", "{9E88B264-09F4-4863-A67D-36DFB16550EB}"
EndProject
Project("{9A19103F-16F7-4668-BE54-9A1E7A4F7556}") = "Renderer", "Renderer\Renderer.csproj", "{F938D35E-A85E-4776-ADC3-38190B829696}"
EndProject
Project("{9A19103F-16F7-4668-BE54-9A1E7A4F7556}") = "GTLib.Tests", "GTLib.Tests\GTLib.Tests.csproj", "{8CCA8010-B7E6-4E72-8898-2FD8BB23BCE1}"
EndProject
Project("{2150E333-8FDC-42A3-9474-1A3956D46DE8}") = "Demos", "Demos", "{FDB891AD-0D96-4982-8C91-46DDFBEF5148}"
EndProject
Project("{FAE04EC0-301F-11D3-BF4B-00C04F79EFBC}") = "Demo FilledTriangle", "Demo FilledTriangle\Demo FilledTriangle.csproj", "{9F04A27A-DC37-455A-B305-047AAAC7EC40}"
EndProject
Global
	GlobalSection(SolutionConfigurationPlatforms) = preSolution
		Debug|Any CPU = Debug|Any CPU
		Release|Any CPU = Release|Any CPU
	EndGlobalSection
	GlobalSection(ProjectConfigurationPlatforms) = postSolution
		{C8CD6B36-5BEF-4583-9F3C-F3BC1DB2A771}.Debug|Any CPU.ActiveCfg = Debug|Any CPU
		{C8CD6B36-5BEF-4583-9F3C-F3BC1DB2A771}.Debug|Any CPU.Build.0 = Debug|Any CPU
		{C8CD6B36-5BEF-4583-9F3C-F3BC1DB2A771}.Release|Any CPU.ActiveCfg = Release|Any CPU
		{C8CD6B36-5BEF-4583-9F3C-F3BC1DB2A771}.Release|Any CPU.Build.0 = Release|Any CPU
		{E323BE1D-3E92-48E6-B019-95C0BBFBEEAD}.Debug|Any CPU.ActiveCfg = Debug|Any CPU
		{E323BE1D-3E92-48E6-B019-95C0BBFBEEAD}.Debug|Any CPU.Build.0 = Debug|Any CPU
		{E323BE1D-3E92-48E6-B019-95C0BBFBEEAD}.Release|Any CPU.ActiveCfg = Release|Any CPU
		{E323BE1D-3E92-48E6-B019-95C0BBFBEEAD}.Release|Any CPU.Build.0 = Release|Any CPU
		{9E88B264-09F4-4863-A67D-36DFB16550EB}.Debug|Any CPU.ActiveCfg = Debug|Any CPU
		{9E88B264-09F4-4863-A67D-36DFB16550EB}.Debug|Any CPU.Build.0 = Debug|Any CPU
		{9E88B264-09F4-4863-A67D-36DFB16550EB}.Release|Any CPU.ActiveCfg = Release|Any CPU
		{9E88B264-09F4-4863-A67D-36DFB16550EB}.Release|Any CPU.Build.0 = Release|Any CPU
		{F938D35E-A85E-4776-ADC3-38190B829696}.Debug|Any CPU.ActiveCfg = Debug|Any CPU
		{F938D35E-A85E-4776-ADC3-38190B829696}.Debug|Any CPU.Build.0 = Debug|Any CPU
		{F938D35E-A85E-4776-ADC3-38190B829696}.Release|Any CPU.ActiveCfg = Release|Any CPU
		{F938D35E-A85E-4776-ADC3-38190B829696}.Release|Any CPU.Build.0 = Release|Any CPU
		{8CCA8010-B7E6-4E72-8898-2FD8BB23BCE1}.Debug|Any CPU.ActiveCfg = Debug|Any CPU
		{8CCA8010-B7E6-4E72-8898-2FD8BB23BCE1}.Debug|Any CPU.Build.0 = Debug|Any CPU
		{8CCA8010-B7E6-4E72-8898-2FD8BB23BCE1}.Release|Any CPU.ActiveCfg = Release|Any CPU
		{8CCA8010-B7E6-4E72-8898-2FD8BB23BCE1}.Release|Any CPU.Build.0 = Release|Any CPU
		{9F04A27A-DC37-455A-B305-047AAAC7EC40}.Debug|Any CPU.ActiveCfg = Debug|Any CPU
		{9F04A27A-DC37-455A-B305-047AAAC7EC40}.Debug|Any CPU.Build.0 = Debug|Any CPU
		{9F04A27A-DC37-455A-B305-047AAAC7EC40}.Release|Any CPU.ActiveCfg = Release|Any CPU
		{9F04A27A-DC37-455A-B305-047AAAC7EC40}.Release|Any CPU.Build.0 = Release|Any CPU
	EndGlobalSection
	GlobalSection(SolutionProperties) = preSolution
		HideSolutionNode = FALSE
	EndGlobalSection
	GlobalSection(NestedProjects) = preSolution
		{C8CD6B36-5BEF-4583-9F3C-F3BC1DB2A771} = {BDF671C4-02C9-4669-AF41-9065AF7C6BF8}
		{9E88B264-09F4-4863-A67D-36DFB16550EB} = {1554AE1A-DDB3-41BF-81B8-45262B1B6A0A}
		{9F04A27A-DC37-455A-B305-047AAAC7EC40} = {FDB891AD-0D96-4982-8C91-46DDFBEF5148}
	EndGlobalSection
	GlobalSection(ExtensibilityGlobals) = postSolution
		SolutionGuid = {A7307D7B-FB12-4B6C-88D6-FE331C4C9E11}
	EndGlobalSection
EndGlobal
